
Microsoft Visual Studio Solution File, Format Version 12.00
# Visual Studio Version 17
VisualStudioVersion = 17.0.31903.59
MinimumVisualStudioVersion = 10.0.40219.1
Project("{FAE04EC0-301F-11D3-BF4B-00C04F79EFBC}") = "AbronalFreelance.Client", "Client\AbronalFreelance.Client.csproj", "{8BCE5AAF-F6B3-4429-8BD5-CB5910CD3C24}"
EndProject
Project("{FAE04EC0-301F-11D3-BF4B-00C04F79EFBC}") = "AbronalFreelance.Server", "Server\AbronalFreelance.Server.csproj", "{D8F30E95-C523-4420-8203-95FC3A6522CD}"
EndProject
Project("{FAE04EC0-301F-11D3-BF4B-00C04F79EFBC}") = "AbronalFreelance.Shared", "Shared\AbronalFreelance.Shared.csproj", "{27A95BA5-91AF-4A3F-888A-502557DAACD9}"
EndProject
Global
	GlobalSection(SolutionConfigurationPlatforms) = preSolution
		Debug|Any CPU = Debug|Any CPU
		Release|Any CPU = Release|Any CPU
	EndGlobalSection
	GlobalSection(SolutionProperties) = preSolution
		HideSolutionNode = FALSE
	EndGlobalSection
	GlobalSection(ProjectConfigurationPlatforms) = postSolution
		{8BCE5AAF-F6B3-4429-8BD5-CB5910CD3C24}.Debug|Any CPU.ActiveCfg = Debug|Any CPU
		{8BCE5AAF-F6B3-4429-8BD5-CB5910CD3C24}.Debug|Any CPU.Build.0 = Debug|Any CPU
		{8BCE5AAF-F6B3-4429-8BD5-CB5910CD3C24}.Release|Any CPU.ActiveCfg = Release|Any CPU
		{8BCE5AAF-F6B3-4429-8BD5-CB5910CD3C24}.Release|Any CPU.Build.0 = Release|Any CPU
		{D8F30E95-C523-4420-8203-95FC3A6522CD}.Debug|Any CPU.ActiveCfg = Debug|Any CPU
		{D8F30E95-C523-4420-8203-95FC3A6522CD}.Debug|Any CPU.Build.0 = Debug|Any CPU
		{D8F30E95-C523-4420-8203-95FC3A6522CD}.Release|Any CPU.ActiveCfg = Release|Any CPU
		{D8F30E95-C523-4420-8203-95FC3A6522CD}.Release|Any CPU.Build.0 = Release|Any CPU
		{27A95BA5-91AF-4A3F-888A-502557DAACD9}.Debug|Any CPU.ActiveCfg = Debug|Any CPU
		{27A95BA5-91AF-4A3F-888A-502557DAACD9}.Debug|Any CPU.Build.0 = Debug|Any CPU
		{27A95BA5-91AF-4A3F-888A-502557DAACD9}.Release|Any CPU.ActiveCfg = Release|Any CPU
		{27A95BA5-91AF-4A3F-888A-502557DAACD9}.Release|Any CPU.Build.0 = Release|Any CPU
	EndGlobalSection
EndGlobal
