Microsoft Visual Studio Solution File, Format Version 12.00
# Visual Studio Version 16
VisualStudioVersion = 16.0.0.0
MinimumVisualStudioVersion = 16.0.0.0
Project("{9A19103F-16F7-4668-BE54-9A1E7A4F7556}") = "AbronalFreelance.Server", "Server\AbronalFreelance.Server.csproj", "{96ADAC3F-5005-4AC3-A32A-332BA0C6F0A2}"
EndProject
Project("{9A19103F-16F7-4668-BE54-9A1E7A4F7556}") = "AbronalFreelance.Client", "Client\AbronalFreelance.Client.csproj", "{A0ECBA1B-3750-48E5-A3CD-3A7CF59C62F0}"
EndProject
Project("{9A19103F-16F7-4668-BE54-9A1E7A4F7556}") = "AbronalFreelance.Shared", "Shared\AbronalFreelance.Shared.csproj", "{3728E687-9FBE-455E-9AC4-BB7C1C31BA95}"
EndProject
Global
	GlobalSection(SolutionConfigurationPlatforms) = preSolution
		Debug|Any CPU = Debug|Any CPU
		Debug|x64 = Debug|x64
		Debug|x86 = Debug|x86
		Release|Any CPU = Release|Any CPU
		Release|x64 = Release|x64
		Release|x86 = Release|x86
	EndGlobalSection
	GlobalSection(ProjectConfigurationPlatforms) = postSolution
		{A0ECBA1B-3750-48E5-A3CD-3A7CF59C62F0}.Debug|Any CPU.ActiveCfg = Debug|Any CPU
		{A0ECBA1B-3750-48E5-A3CD-3A7CF59C62F0}.Debug|Any CPU.Build.0 = Debug|Any CPU
		{A0ECBA1B-3750-48E5-A3CD-3A7CF59C62F0}.Debug|x64.ActiveCfg = Debug|Any CPU
		{A0ECBA1B-3750-48E5-A3CD-3A7CF59C62F0}.Debug|x64.Build.0 = Debug|Any CPU
		{A0ECBA1B-3750-48E5-A3CD-3A7CF59C62F0}.Debug|x86.ActiveCfg = Debug|Any CPU
		{A0ECBA1B-3750-48E5-A3CD-3A7CF59C62F0}.Debug|x86.Build.0 = Debug|Any CPU
		{A0ECBA1B-3750-48E5-A3CD-3A7CF59C62F0}.Release|Any CPU.ActiveCfg = Release|Any CPU
		{A0ECBA1B-3750-48E5-A3CD-3A7CF59C62F0}.Release|Any CPU.Build.0 = Release|Any CPU
		{A0ECBA1B-3750-48E5-A3CD-3A7CF59C62F0}.Release|x64.ActiveCfg = Release|Any CPU
		{A0ECBA1B-3750-48E5-A3CD-3A7CF59C62F0}.Release|x64.Build.0 = Release|Any CPU
		{A0ECBA1B-3750-48E5-A3CD-3A7CF59C62F0}.Release|x86.ActiveCfg = Release|Any CPU
		{A0ECBA1B-3750-48E5-A3CD-3A7CF59C62F0}.Release|x86.Build.0 = Release|Any CPU
		{96ADAC3F-5005-4AC3-A32A-332BA0C6F0A2}.Debug|Any CPU.ActiveCfg = Debug|Any CPU
		{96ADAC3F-5005-4AC3-A32A-332BA0C6F0A2}.Debug|Any CPU.Build.0 = Debug|Any CPU
		{96ADAC3F-5005-4AC3-A32A-332BA0C6F0A2}.Debug|x64.ActiveCfg = Debug|Any CPU
		{96ADAC3F-5005-4AC3-A32A-332BA0C6F0A2}.Debug|x64.Build.0 = Debug|Any CPU
		{96ADAC3F-5005-4AC3-A32A-332BA0C6F0A2}.Debug|x86.ActiveCfg = Debug|Any CPU
		{96ADAC3F-5005-4AC3-A32A-332BA0C6F0A2}.Debug|x86.Build.0 = Debug|Any CPU
		{96ADAC3F-5005-4AC3-A32A-332BA0C6F0A2}.Release|Any CPU.ActiveCfg = Release|Any CPU
		{96ADAC3F-5005-4AC3-A32A-332BA0C6F0A2}.Release|Any CPU.Build.0 = Release|Any CPU
		{96ADAC3F-5005-4AC3-A32A-332BA0C6F0A2}.Release|x64.ActiveCfg = Release|Any CPU
		{96ADAC3F-5005-4AC3-A32A-332BA0C6F0A2}.Release|x64.Build.0 = Release|Any CPU
		{96ADAC3F-5005-4AC3-A32A-332BA0C6F0A2}.Release|x86.ActiveCfg = Release|Any CPU
		{96ADAC3F-5005-4AC3-A32A-332BA0C6F0A2}.Release|x86.Build.0 = Release|Any CPU
		{3728E687-9FBE-455E-9AC4-BB7C1C31BA95}.Debug|Any CPU.ActiveCfg = Debug|Any CPU
		{3728E687-9FBE-455E-9AC4-BB7C1C31BA95}.Debug|Any CPU.Build.0 = Debug|Any CPU
		{3728E687-9FBE-455E-9AC4-BB7C1C31BA95}.Debug|x64.ActiveCfg = Debug|Any CPU
		{3728E687-9FBE-455E-9AC4-BB7C1C31BA95}.Debug|x64.Build.0 = Debug|Any CPU
		{3728E687-9FBE-455E-9AC4-BB7C1C31BA95}.Debug|x86.ActiveCfg = Debug|Any CPU
		{3728E687-9FBE-455E-9AC4-BB7C1C31BA95}.Debug|x86.Build.0 = Debug|Any CPU
		{3728E687-9FBE-455E-9AC4-BB7C1C31BA95}.Release|Any CPU.ActiveCfg = Release|Any CPU
		{3728E687-9FBE-455E-9AC4-BB7C1C31BA95}.Release|Any CPU.Build.0 = Release|Any CPU
		{3728E687-9FBE-455E-9AC4-BB7C1C31BA95}.Release|x64.ActiveCfg = Release|Any CPU
		{3728E687-9FBE-455E-9AC4-BB7C1C31BA95}.Release|x64.Build.0 = Release|Any CPU
		{3728E687-9FBE-455E-9AC4-BB7C1C31BA95}.Release|x86.ActiveCfg = Release|Any CPU
		{3728E687-9FBE-455E-9AC4-BB7C1C31BA95}.Release|x86.Build.0 = Release|Any CPU
	EndGlobalSection
	GlobalSection(SolutionProperties) = preSolution
		HideSolutionNode = FALSE
	EndGlobalSection
	GlobalSection(ExtensibilityGlobals) = postSolution
		SolutionGuid = {EE51D17E-DE94-4DC5-9630-E3B6EA4A082F}
	EndGlobalSection
EndGlobal